
Microsoft Visual Studio Solution File, Format Version 12.00
# Visual Studio 2012
Project("{FAE04EC0-301F-11D3-BF4B-00C04F79EFBC}") = "Zad2_ChoiceOfaType", "Zad2_ChoiceOfaType\Zad2_ChoiceOfaType.csproj", "{03F52D3E-DA1B-48F5-B9CD-BC21AAC131AA}"
EndProject
Global
	GlobalSection(SolutionConfigurationPlatforms) = preSolution
		Debug|Any CPU = Debug|Any CPU
		Release|Any CPU = Release|Any CPU
	EndGlobalSection
	GlobalSection(ProjectConfigurationPlatforms) = postSolution
		{03F52D3E-DA1B-48F5-B9CD-BC21AAC131AA}.Debug|Any CPU.ActiveCfg = Debug|Any CPU
		{03F52D3E-DA1B-48F5-B9CD-BC21AAC131AA}.Debug|Any CPU.Build.0 = Debug|Any CPU
		{03F52D3E-DA1B-48F5-B9CD-BC21AAC131AA}.Release|Any CPU.ActiveCfg = Release|Any CPU
		{03F52D3E-DA1B-48F5-B9CD-BC21AAC131AA}.Release|Any CPU.Build.0 = Release|Any CPU
	EndGlobalSection
	GlobalSection(SolutionProperties) = preSolution
		HideSolutionNode = FALSE
	EndGlobalSection
EndGlobal
