
Microsoft Visual Studio Solution File, Format Version 12.00
# Visual Studio 2012
Project("{FAE04EC0-301F-11D3-BF4B-00C04F79EFBC}") = "DobarDen", "DobarDen\DobarDen.csproj", "{14449985-E913-4694-A7C7-1B3A2798FFDD}"
EndProject
Global
	GlobalSection(SolutionConfigurationPlatforms) = preSolution
		Debug|Any CPU = Debug|Any CPU
		Release|Any CPU = Release|Any CPU
	EndGlobalSection
	GlobalSection(ProjectConfigurationPlatforms) = postSolution
		{14449985-E913-4694-A7C7-1B3A2798FFDD}.Debug|Any CPU.ActiveCfg = Debug|Any CPU
		{14449985-E913-4694-A7C7-1B3A2798FFDD}.Debug|Any CPU.Build.0 = Debug|Any CPU
		{14449985-E913-4694-A7C7-1B3A2798FFDD}.Release|Any CPU.ActiveCfg = Release|Any CPU
		{14449985-E913-4694-A7C7-1B3A2798FFDD}.Release|Any CPU.Build.0 = Release|Any CPU
	EndGlobalSection
	GlobalSection(SolutionProperties) = preSolution
		HideSolutionNode = FALSE
	EndGlobalSection
EndGlobal
