
Microsoft Visual Studio Solution File, Format Version 12.00
# Visual Studio 2012
Project("{FAE04EC0-301F-11D3-BF4B-00C04F79EFBC}") = "Zad9_TheUse OfQuotations", "Zad9_TheUse OfQuotations\Zad9_TheUse OfQuotations.csproj", "{1E668633-DA0C-4F1C-8038-4A8F882B5552}"
EndProject
Global
	GlobalSection(SolutionConfigurationPlatforms) = preSolution
		Debug|Any CPU = Debug|Any CPU
		Release|Any CPU = Release|Any CPU
	EndGlobalSection
	GlobalSection(ProjectConfigurationPlatforms) = postSolution
		{1E668633-DA0C-4F1C-8038-4A8F882B5552}.Debug|Any CPU.ActiveCfg = Debug|Any CPU
		{1E668633-DA0C-4F1C-8038-4A8F882B5552}.Debug|Any CPU.Build.0 = Debug|Any CPU
		{1E668633-DA0C-4F1C-8038-4A8F882B5552}.Release|Any CPU.ActiveCfg = Release|Any CPU
		{1E668633-DA0C-4F1C-8038-4A8F882B5552}.Release|Any CPU.Build.0 = Release|Any CPU
	EndGlobalSection
	GlobalSection(SolutionProperties) = preSolution
		HideSolutionNode = FALSE
	EndGlobalSection
EndGlobal
