
Microsoft Visual Studio Solution File, Format Version 12.00
# Visual Studio 2012
Project("{FAE04EC0-301F-11D3-BF4B-00C04F79EFBC}") = "Zad12_Workers", "Zad12_Workers\Zad12_Workers.csproj", "{2E546F5F-FA26-4249-8C12-6A588790E1CC}"
EndProject
Global
	GlobalSection(SolutionConfigurationPlatforms) = preSolution
		Debug|Any CPU = Debug|Any CPU
		Release|Any CPU = Release|Any CPU
	EndGlobalSection
	GlobalSection(ProjectConfigurationPlatforms) = postSolution
		{2E546F5F-FA26-4249-8C12-6A588790E1CC}.Debug|Any CPU.ActiveCfg = Debug|Any CPU
		{2E546F5F-FA26-4249-8C12-6A588790E1CC}.Debug|Any CPU.Build.0 = Debug|Any CPU
		{2E546F5F-FA26-4249-8C12-6A588790E1CC}.Release|Any CPU.ActiveCfg = Release|Any CPU
		{2E546F5F-FA26-4249-8C12-6A588790E1CC}.Release|Any CPU.Build.0 = Release|Any CPU
	EndGlobalSection
	GlobalSection(SolutionProperties) = preSolution
		HideSolutionNode = FALSE
	EndGlobalSection
EndGlobal
