
Microsoft Visual Studio Solution File, Format Version 12.00
# Visual Studio 2012
Project("{FAE04EC0-301F-11D3-BF4B-00C04F79EFBC}") = "Zad13_BitValeAlteration", "Zad13_BitValeAlteration\Zad13_BitValeAlteration.csproj", "{65FFC87C-5D0B-4CDB-98D9-0D416F4DFA02}"
EndProject
Global
	GlobalSection(SolutionConfigurationPlatforms) = preSolution
		Debug|Any CPU = Debug|Any CPU
		Release|Any CPU = Release|Any CPU
	EndGlobalSection
	GlobalSection(ProjectConfigurationPlatforms) = postSolution
		{65FFC87C-5D0B-4CDB-98D9-0D416F4DFA02}.Debug|Any CPU.ActiveCfg = Debug|Any CPU
		{65FFC87C-5D0B-4CDB-98D9-0D416F4DFA02}.Debug|Any CPU.Build.0 = Debug|Any CPU
		{65FFC87C-5D0B-4CDB-98D9-0D416F4DFA02}.Release|Any CPU.ActiveCfg = Release|Any CPU
		{65FFC87C-5D0B-4CDB-98D9-0D416F4DFA02}.Release|Any CPU.Build.0 = Release|Any CPU
	EndGlobalSection
	GlobalSection(SolutionProperties) = preSolution
		HideSolutionNode = FALSE
	EndGlobalSection
EndGlobal
