
Microsoft Visual Studio Solution File, Format Version 12.00
# Visual Studio 2012
Project("{FAE04EC0-301F-11D3-BF4B-00C04F79EFBC}") = "Zad12_WriteABit", "Zad12_WriteABit\Zad12_WriteABit.csproj", "{A356BF2B-0680-47FC-9209-D2DB87A713F8}"
EndProject
Global
	GlobalSection(SolutionConfigurationPlatforms) = preSolution
		Debug|Any CPU = Debug|Any CPU
		Release|Any CPU = Release|Any CPU
	EndGlobalSection
	GlobalSection(ProjectConfigurationPlatforms) = postSolution
		{A356BF2B-0680-47FC-9209-D2DB87A713F8}.Debug|Any CPU.ActiveCfg = Debug|Any CPU
		{A356BF2B-0680-47FC-9209-D2DB87A713F8}.Debug|Any CPU.Build.0 = Debug|Any CPU
		{A356BF2B-0680-47FC-9209-D2DB87A713F8}.Release|Any CPU.ActiveCfg = Release|Any CPU
		{A356BF2B-0680-47FC-9209-D2DB87A713F8}.Release|Any CPU.Build.0 = Release|Any CPU
	EndGlobalSection
	GlobalSection(SolutionProperties) = preSolution
		HideSolutionNode = FALSE
	EndGlobalSection
EndGlobal
