
Microsoft Visual Studio Solution File, Format Version 12.00
# Visual Studio 2012
Project("{FAE04EC0-301F-11D3-BF4B-00C04F79EFBC}") = "Zad10_DigitAlteration", "Zad10_DigitAlteration\Zad10_DigitAlteration.csproj", "{7EEADBED-EE02-40A8-95C5-B82A393AFFBF}"
EndProject
Global
	GlobalSection(SolutionConfigurationPlatforms) = preSolution
		Debug|Any CPU = Debug|Any CPU
		Release|Any CPU = Release|Any CPU
	EndGlobalSection
	GlobalSection(ProjectConfigurationPlatforms) = postSolution
		{7EEADBED-EE02-40A8-95C5-B82A393AFFBF}.Debug|Any CPU.ActiveCfg = Debug|Any CPU
		{7EEADBED-EE02-40A8-95C5-B82A393AFFBF}.Debug|Any CPU.Build.0 = Debug|Any CPU
		{7EEADBED-EE02-40A8-95C5-B82A393AFFBF}.Release|Any CPU.ActiveCfg = Release|Any CPU
		{7EEADBED-EE02-40A8-95C5-B82A393AFFBF}.Release|Any CPU.Build.0 = Release|Any CPU
	EndGlobalSection
	GlobalSection(SolutionProperties) = preSolution
		HideSolutionNode = FALSE
	EndGlobalSection
EndGlobal
