
Microsoft Visual Studio Solution File, Format Version 12.00
# Visual Studio 2012
Project("{FAE04EC0-301F-11D3-BF4B-00C04F79EFBC}") = "HelloCSharp", "HelloCSharp\HelloCSharp.csproj", "{CCFAB6D8-0D88-41D2-B39C-2B418FC2E2EA}"
EndProject
Global
	GlobalSection(SolutionConfigurationPlatforms) = preSolution
		Debug|Any CPU = Debug|Any CPU
		Release|Any CPU = Release|Any CPU
	EndGlobalSection
	GlobalSection(ProjectConfigurationPlatforms) = postSolution
		{CCFAB6D8-0D88-41D2-B39C-2B418FC2E2EA}.Debug|Any CPU.ActiveCfg = Debug|Any CPU
		{CCFAB6D8-0D88-41D2-B39C-2B418FC2E2EA}.Debug|Any CPU.Build.0 = Debug|Any CPU
		{CCFAB6D8-0D88-41D2-B39C-2B418FC2E2EA}.Release|Any CPU.ActiveCfg = Release|Any CPU
		{CCFAB6D8-0D88-41D2-B39C-2B418FC2E2EA}.Release|Any CPU.Build.0 = Release|Any CPU
	EndGlobalSection
	GlobalSection(SolutionProperties) = preSolution
		HideSolutionNode = FALSE
	EndGlobalSection
EndGlobal
