
Microsoft Visual Studio Solution File, Format Version 12.00
# Visual Studio 2012
Project("{FAE04EC0-301F-11D3-BF4B-00C04F79EFBC}") = "Zad2_DevideBy5and7", "Zad2_DevideBy5and7\Zad2_DevideBy5and7.csproj", "{BC5F0DFA-A127-427E-9621-12BA515DBA6E}"
EndProject
Global
	GlobalSection(SolutionConfigurationPlatforms) = preSolution
		Debug|Any CPU = Debug|Any CPU
		Release|Any CPU = Release|Any CPU
	EndGlobalSection
	GlobalSection(ProjectConfigurationPlatforms) = postSolution
		{BC5F0DFA-A127-427E-9621-12BA515DBA6E}.Debug|Any CPU.ActiveCfg = Debug|Any CPU
		{BC5F0DFA-A127-427E-9621-12BA515DBA6E}.Debug|Any CPU.Build.0 = Debug|Any CPU
		{BC5F0DFA-A127-427E-9621-12BA515DBA6E}.Release|Any CPU.ActiveCfg = Release|Any CPU
		{BC5F0DFA-A127-427E-9621-12BA515DBA6E}.Release|Any CPU.Build.0 = Release|Any CPU
	EndGlobalSection
	GlobalSection(SolutionProperties) = preSolution
		HideSolutionNode = FALSE
	EndGlobalSection
EndGlobal
