
Microsoft Visual Studio Solution File, Format Version 12.00
# Visual Studio 2012
Project("{FAE04EC0-301F-11D3-BF4B-00C04F79EFBC}") = "Zad5_72inUnicode", "Zad5_72inUnicode\Zad5_72inUnicode.csproj", "{A734F885-392A-4B7B-A28A-F8DE4B4539A8}"
EndProject
Global
	GlobalSection(SolutionConfigurationPlatforms) = preSolution
		Debug|Any CPU = Debug|Any CPU
		Release|Any CPU = Release|Any CPU
	EndGlobalSection
	GlobalSection(ProjectConfigurationPlatforms) = postSolution
		{A734F885-392A-4B7B-A28A-F8DE4B4539A8}.Debug|Any CPU.ActiveCfg = Debug|Any CPU
		{A734F885-392A-4B7B-A28A-F8DE4B4539A8}.Debug|Any CPU.Build.0 = Debug|Any CPU
		{A734F885-392A-4B7B-A28A-F8DE4B4539A8}.Release|Any CPU.ActiveCfg = Release|Any CPU
		{A734F885-392A-4B7B-A28A-F8DE4B4539A8}.Release|Any CPU.Build.0 = Release|Any CPU
	EndGlobalSection
	GlobalSection(SolutionProperties) = preSolution
		HideSolutionNode = FALSE
	EndGlobalSection
EndGlobal
