
Microsoft Visual Studio Solution File, Format Version 12.00
# Visual Studio 2012
Project("{FAE04EC0-301F-11D3-BF4B-00C04F79EFBC}") = "Zad11_DrawATriangle", "Zad11_DrawATriangle\Zad11_DrawATriangle.csproj", "{50A65C1A-D827-456A-8858-CCB0F5B46EC3}"
EndProject
Global
	GlobalSection(SolutionConfigurationPlatforms) = preSolution
		Debug|Any CPU = Debug|Any CPU
		Release|Any CPU = Release|Any CPU
	EndGlobalSection
	GlobalSection(ProjectConfigurationPlatforms) = postSolution
		{50A65C1A-D827-456A-8858-CCB0F5B46EC3}.Debug|Any CPU.ActiveCfg = Debug|Any CPU
		{50A65C1A-D827-456A-8858-CCB0F5B46EC3}.Debug|Any CPU.Build.0 = Debug|Any CPU
		{50A65C1A-D827-456A-8858-CCB0F5B46EC3}.Release|Any CPU.ActiveCfg = Release|Any CPU
		{50A65C1A-D827-456A-8858-CCB0F5B46EC3}.Release|Any CPU.Build.0 = Release|Any CPU
	EndGlobalSection
	GlobalSection(SolutionProperties) = preSolution
		HideSolutionNode = FALSE
	EndGlobalSection
EndGlobal
